// !$*UTF8*$!
{
	archiveVersion = 1;
	classes = {
	};
	objectVersion = 46;
	objects = {

/* Begin PBXBuildFile section */
		365C9F261BC6222100785E5F /* main.m in Sources */ = {isa = PBXBuildFile; fileRef = 365C9F251BC6222100785E5F /* main.m */; };
		365C9F291BC6222100785E5F /* AppDelegate.m in Sources */ = {isa = PBXBuildFile; fileRef = 365C9F281BC6222100785E5F /* AppDelegate.m */; };
		365C9F2C1BC6222100785E5F /* ViewController.m in Sources */ = {isa = PBXBuildFile; fileRef = 365C9F2B1BC6222100785E5F /* ViewController.m */; };
		365C9F2F1BC6222200785E5F /* Main.storyboard in Resources */ = {isa = PBXBuildFile; fileRef = 365C9F2D1BC6222200785E5F /* Main.storyboard */; };
		365C9F311BC6222200785E5F /* Images.xcassets in Resources */ = {isa = PBXBuildFile; fileRef = 365C9F301BC6222200785E5F /* Images.xcassets */; };
		365C9F341BC6222200785E5F /* LaunchScreen.xib in Resources */ = {isa = PBXBuildFile; fileRef = 365C9F321BC6222200785E5F /* LaunchScreen.xib */; };
		365C9F401BC6222200785E5F /* gitserverTests.m in Sources */ = {isa = PBXBuildFile; fileRef = 365C9F3F1BC6222200785E5F /* gitserverTests.m */; };
/* End PBXBuildFile section */

/* Begin PBXContainerItemProxy section */
		365C9F3A1BC6222200785E5F /* PBXContainerItemProxy */ = {
			isa = PBXContainerItemProxy;
			containerPortal = 365C9F181BC6222100785E5F /* Project object */;
			proxyType = 1;
			remoteGlobalIDString = 365C9F1F1BC6222100785E5F;
			remoteInfo = gitserver;
		};
/* End PBXContainerItemProxy section */

/* Begin PBXFileReference section */
		365C9F201BC6222100785E5F /* gitserver.app */ = {isa = PBXFileReference; explicitFileType = wrapper.application; includeInIndex = 0; path = gitserver.app; sourceTree = BUILT_PRODUCTS_DIR; };
		365C9F241BC6222100785E5F /* Info.plist */ = {isa = PBXFileReference; lastKnownFileType = text.plist.xml; path = Info.plist; sourceTree = "<group>"; };
		365C9F251BC6222100785E5F /* main.m */ = {isa = PBXFileReference; lastKnownFileType = sourcecode.c.objc; path = main.m; sourceTree = "<group>"; };
		365C9F271BC6222100785E5F /* AppDelegate.h */ = {isa = PBXFileReference; lastKnownFileType = sourcecode.c.h; path = AppDelegate.h; sourceTree = "<group>"; };
		365C9F281BC6222100785E5F /* AppDelegate.m */ = {isa = PBXFileReference; lastKnownFileType = sourcecode.c.objc; path = AppDelegate.m; sourceTree = "<group>"; };
		365C9F2A1BC6222100785E5F /* ViewController.h */ = {isa = PBXFileReference; lastKnownFileType = sourcecode.c.h; path = ViewController.h; sourceTree = "<group>"; };
		365C9F2B1BC6222100785E5F /* ViewController.m */ = {isa = PBXFileReference; lastKnownFileType = sourcecode.c.objc; path = ViewController.m; sourceTree = "<group>"; };
		365C9F2E1BC6222200785E5F /* Base */ = {isa = PBXFileReference; lastKnownFileType = file.storyboard; name = Base; path = Base.lproj/Main.storyboard; sourceTree = "<group>"; };
		365C9F301BC6222200785E5F /* Images.xcassets */ = {isa = PBXFileReference; lastKnownFileType = folder.assetcatalog; path = Images.xcassets; sourceTree = "<group>"; };
		365C9F331BC6222200785E5F /* Base */ = {isa = PBXFileReference; lastKnownFileType = file.xib; name = Base; path = Base.lproj/LaunchScreen.xib; sourceTree = "<group>"; };
		365C9F391BC6222200785E5F /* gitserverTests.xctest */ = {isa = PBXFileReference; explicitFileType = wrapper.cfbundle; includeInIndex = 0; path = gitserverTests.xctest; sourceTree = BUILT_PRODUCTS_DIR; };
		365C9F3E1BC6222200785E5F /* Info.plist */ = {isa = PBXFileReference; lastKnownFileType = text.plist.xml; path = Info.plist; sourceTree = "<group>"; };
		365C9F3F1BC6222200785E5F /* gitserverTests.m */ = {isa = PBXFileReference; lastKnownFileType = sourcecode.c.objc; path = gitserverTests.m; sourceTree = "<group>"; };
/* End PBXFileReference section */

/* Begin PBXFrameworksBuildPhase section */
		365C9F1D1BC6222100785E5F /* Frameworks */ = {
			isa = PBXFrameworksBuildPhase;
			buildActionMask = 2147483647;
			files = (
			);
			runOnlyForDeploymentPostprocessing = 0;
		};
		365C9F361BC6222200785E5F /* Frameworks */ = {
			isa = PBXFrameworksBuildPhase;
			buildActionMask = 2147483647;
			files = (
			);
			runOnlyForDeploymentPostprocessing = 0;
		};
/* End PBXFrameworksBuildPhase section */

/* Begin PBXGroup section */
		365C9F171BC6222100785E5F = {
			isa = PBXGroup;
			children = (
				365C9F221BC6222100785E5F /* gitserver */,
				365C9F3C1BC6222200785E5F /* gitserverTests */,
				365C9F211BC6222100785E5F /* Products */,
			);
			sourceTree = "<group>";
		};
		365C9F211BC6222100785E5F /* Products */ = {
			isa = PBXGroup;
			children = (
				365C9F201BC6222100785E5F /* gitserver.app */,
				365C9F391BC6222200785E5F /* gitserverTests.xctest */,
			);
			name = Products;
			sourceTree = "<group>";
		};
		365C9F221BC6222100785E5F /* gitserver */ = {
			isa = PBXGroup;
			children = (
				365C9F271BC6222100785E5F /* AppDelegate.h */,
				365C9F281BC6222100785E5F /* AppDelegate.m */,
				365C9F2A1BC6222100785E5F /* ViewController.h */,
				365C9F2B1BC6222100785E5F /* ViewController.m */,
				365C9F2D1BC6222200785E5F /* Main.storyboard */,
				365C9F301BC6222200785E5F /* Images.xcassets */,
				365C9F321BC6222200785E5F /* LaunchScreen.xib */,
				365C9F231BC6222100785E5F /* Supporting Files */,
			);
			path = gitserver;
			sourceTree = "<group>";
		};
		365C9F231BC6222100785E5F /* Supporting Files */ = {
			isa = PBXGroup;
			children = (
				365C9F241BC6222100785E5F /* Info.plist */,
				365C9F251BC6222100785E5F /* main.m */,
			);
			name = "Supporting Files";
			sourceTree = "<group>";
		};
		365C9F3C1BC6222200785E5F /* gitserverTests */ = {
			isa = PBXGroup;
			children = (
				365C9F3F1BC6222200785E5F /* gitserverTests.m */,
				365C9F3D1BC6222200785E5F /* Supporting Files */,
			);
			path = gitserverTests;
			sourceTree = "<group>";
		};
		365C9F3D1BC6222200785E5F /* Supporting Files */ = {
			isa = PBXGroup;
			children = (
				365C9F3E1BC6222200785E5F /* Info.plist */,
			);
			name = "Supporting Files";
			sourceTree = "<group>";
		};
/* End PBXGroup section */

/* Begin PBXNativeTarget section */
		365C9F1F1BC6222100785E5F /* gitserver */ = {
			isa = PBXNativeTarget;
			buildConfigurationList = 365C9F431BC6222200785E5F /* Build configuration list for PBXNativeTarget "gitserver" */;
			buildPhases = (
				365C9F1C1BC6222100785E5F /* Sources */,
				365C9F1D1BC6222100785E5F /* Frameworks */,
				365C9F1E1BC6222100785E5F /* Resources */,
			);
			buildRules = (
			);
			dependencies = (
			);
			name = gitserver;
			productName = gitserver;
			productReference = 365C9F201BC6222100785E5F /* gitserver.app */;
			productType = "com.apple.product-type.application";
		};
		365C9F381BC6222200785E5F /* gitserverTests */ = {
			isa = PBXNativeTarget;
			buildConfigurationList = 365C9F461BC6222200785E5F /* Build configuration list for PBXNativeTarget "gitserverTests" */;
			buildPhases = (
				365C9F351BC6222200785E5F /* Sources */,
				365C9F361BC6222200785E5F /* Frameworks */,
				365C9F371BC6222200785E5F /* Resources */,
			);
			buildRules = (
			);
			dependencies = (
				365C9F3B1BC6222200785E5F /* PBXTargetDependency */,
			);
			name = gitserverTests;
			productName = gitserverTests;
			productReference = 365C9F391BC6222200785E5F /* gitserverTests.xctest */;
			productType = "com.apple.product-type.bundle.unit-test";
		};
/* End PBXNativeTarget section */

/* Begin PBXProject section */
		365C9F181BC6222100785E5F /* Project object */ = {
			isa = PBXProject;
			attributes = {
				LastUpgradeCheck = 0630;
				ORGANIZATIONNAME = asone;
				TargetAttributes = {
					365C9F1F1BC6222100785E5F = {
						CreatedOnToolsVersion = 6.3.2;
					};
					365C9F381BC6222200785E5F = {
						CreatedOnToolsVersion = 6.3.2;
						TestTargetID = 365C9F1F1BC6222100785E5F;
					};
				};
			};
			buildConfigurationList = 365C9F1B1BC6222100785E5F /* Build configuration list for PBXProject "gitserver" */;
			compatibilityVersion = "Xcode 3.2";
			developmentRegion = English;
			hasScannedForEncodings = 0;
			knownRegions = (
				en,
				Base,
			);
			mainGroup = 365C9F171BC6222100785E5F;
			productRefGroup = 365C9F211BC6222100785E5F /* Products */;
			projectDirPath = "";
			projectRoot = "";
			targets = (
				365C9F1F1BC6222100785E5F /* gitserver */,
				365C9F381BC6222200785E5F /* gitserverTests */,
			);
		};
/* End PBXProject section */

/* Begin PBXResourcesBuildPhase section */
		365C9F1E1BC6222100785E5F /* Resources */ = {
			isa = PBXResourcesBuildPhase;
			buildActionMask = 2147483647;
			files = (
				365C9F2F1BC6222200785E5F /* Main.storyboard in Resources */,
				365C9F341BC6222200785E5F /* LaunchScreen.xib in Resources */,
				365C9F311BC6222200785E5F /* Images.xcassets in Resources */,
			);
			runOnlyForDeploymentPostprocessing = 0;
		};
		365C9F371BC6222200785E5F /* Resources */ = {
			isa = PBXResourcesBuildPhase;
			buildActionMask = 2147483647;
			files = (
			);
			runOnlyForDeploymentPostprocessing = 0;
		};
/* End PBXResourcesBuildPhase section */

/* Begin PBXSourcesBuildPhase section */
		365C9F1C1BC6222100785E5F /* Sources */ = {
			isa = PBXSourcesBuildPhase;
			buildActionMask = 2147483647;
			files = (
				365C9F2C1BC6222100785E5F /* ViewController.m in Sources */,
				365C9F291BC6222100785E5F /* AppDelegate.m in Sources */,
				365C9F261BC6222100785E5F /* main.m in Sources */,
			);
			runOnlyForDeploymentPostprocessing = 0;
		};
		365C9F351BC6222200785E5F /* Sources */ = {
			isa = PBXSourcesBuildPhase;
			buildActionMask = 2147483647;
			files = (
				365C9F401BC6222200785E5F /* gitserverTests.m in Sources */,
			);
			runOnlyForDeploymentPostprocessing = 0;
		};
/* End PBXSourcesBuildPhase section */

/* Begin PBXTargetDependency section */
		365C9F3B1BC6222200785E5F /* PBXTargetDependency */ = {
			isa = PBXTargetDependency;
			target = 365C9F1F1BC6222100785E5F /* gitserver */;
			targetProxy = 365C9F3A1BC6222200785E5F /* PBXContainerItemProxy */;
		};
/* End PBXTargetDependency section */

/* Begin PBXVariantGroup section */
		365C9F2D1BC6222200785E5F /* Main.storyboard */ = {
			isa = PBXVariantGroup;
			children = (
				365C9F2E1BC6222200785E5F /* Base */,
			);
			name = Main.storyboard;
			sourceTree = "<group>";
		};
		365C9F321BC6222200785E5F /* LaunchScreen.xib */ = {
			isa = PBXVariantGroup;
			children = (
				365C9F331BC6222200785E5F /* Base */,
			);
			name = LaunchScreen.xib;
			sourceTree = "<group>";
		};
/* End PBXVariantGroup section */

/* Begin XCBuildConfiguration section */
		365C9F411BC6222200785E5F /* Debug */ = {
			isa = XCBuildConfiguration;
			buildSettings = {
				ALWAYS_SEARCH_USER_PATHS = NO;
				CLANG_CXX_LANGUAGE_STANDARD = "gnu++0x";
				CLANG_CXX_LIBRARY = "libc++";
				CLANG_ENABLE_MODULES = YES;
				CLANG_ENABLE_OBJC_ARC = YES;
				CLANG_WARN_BOOL_CONVERSION = YES;
				CLANG_WARN_CONSTANT_CONVERSION = YES;
				CLANG_WARN_DIRECT_OBJC_ISA_USAGE = YES_ERROR;
				CLANG_WARN_EMPTY_BODY = YES;
				CLANG_WARN_ENUM_CONVERSION = YES;
				CLANG_WARN_INT_CONVERSION = YES;
				CLANG_WARN_OBJC_ROOT_CLASS = YES_ERROR;
				CLANG_WARN_UNREACHABLE_CODE = YES;
				CLANG_WARN__DUPLICATE_METHOD_MATCH = YES;
				"CODE_SIGN_IDENTITY[sdk=iphoneos*]" = "iPhone Developer";
				COPY_PHASE_STRIP = NO;
				DEBUG_INFORMATION_FORMAT = "dwarf-with-dsym";
				ENABLE_STRICT_OBJC_MSGSEND = YES;
				GCC_C_LANGUAGE_STANDARD = gnu99;
				GCC_DYNAMIC_NO_PIC = NO;
				GCC_NO_COMMON_BLOCKS = YES;
				GCC_OPTIMIZATION_LEVEL = 0;
				GCC_PREPROCESSOR_DEFINITIONS = (
					"DEBUG=1",
					"$(inherited)",
				);
				GCC_SYMBOLS_PRIVATE_EXTERN = NO;
				GCC_WARN_64_TO_32_BIT_CONVERSION = YES;
				GCC_WARN_ABOUT_RETURN_TYPE = YES_ERROR;
				GCC_WARN_UNDECLARED_SELECTOR = YES;
				GCC_WARN_UNINITIALIZED_AUTOS = YES_AGGRESSIVE;
				GCC_WARN_UNUSED_FUNCTION = YES;
				GCC_WARN_UNUSED_VARIABLE = YES;
				IPHONEOS_DEPLOYMENT_TARGET = 8.3;
				MTL_ENABLE_DEBUG_INFO = YES;
				ONLY_ACTIVE_ARCH = YES;
				SDKROOT = iphoneos;
			};
			name = Debug;
		};
		365C9F421BC6222200785E5F /* Release */ = {
			isa = XCBuildConfiguration;
			buildSettings = {
				ALWAYS_SEARCH_USER_PATHS = NO;
				CLANG_CXX_LANGUAGE_STANDARD = "gnu++0x";
				CLANG_CXX_LIBRARY = "libc++";
				CLANG_ENABLE_MODULES = YES;
				CLANG_ENABLE_OBJC_ARC = YES;
				CLANG_WARN_BOOL_CONVERSION = YES;
				CLANG_WARN_CONSTANT_CONVERSION = YES;
				CLANG_WARN_DIRECT_OBJC_ISA_USAGE = YES_ERROR;
				CLANG_WARN_EMPTY_BODY = YES;
				CLANG_WARN_ENUM_CONVERSION = YES;
				CLANG_WARN_INT_CONVERSION = YES;
				CLANG_WARN_OBJC_ROOT_CLASS = YES_ERROR;
				CLANG_WARN_UNREACHABLE_CODE = YES;
				CLANG_WARN__DUPLICATE_METHOD_MATCH = YES;
				"CODE_SIGN_IDENTITY[sdk=iphoneos*]" = "iPhone Developer";
				COPY_PHASE_STRIP = NO;
				DEBUG_INFORMATION_FORMAT = "dwarf-with-dsym";
				ENABLE_NS_ASSERTIONS = NO;
				ENABLE_STRICT_OBJC_MSGSEND = YES;
				GCC_C_LANGUAGE_STANDARD = gnu99;
				GCC_NO_COMMON_BLOCKS = YES;
				GCC_WARN_64_TO_32_BIT_CONVERSION = YES;
				GCC_WARN_ABOUT_RETURN_TYPE = YES_ERROR;
				GCC_WARN_UNDECLARED_SELECTOR = YES;
				GCC_WARN_UNINITIALIZED_AUTOS = YES_AGGRESSIVE;
				GCC_WARN_UNUSED_FUNCTION = YES;
				GCC_WARN_UNUSED_VARIABLE = YES;
				IPHONEOS_DEPLOYMENT_TARGET = 8.3;
				MTL_ENABLE_DEBUG_INFO = NO;
				SDKROOT = iphoneos;
				VALIDATE_PRODUCT = YES;
			};
			name = Release;
		};
		365C9F441BC6222200785E5F /* Debug */ = {
			isa = XCBuildConfiguration;
			buildSettings = {
				ASSETCATALOG_COMPILER_APPICON_NAME = AppIcon;
				INFOPLIST_FILE = gitserver/Info.plist;
				LD_RUNPATH_SEARCH_PATHS = "$(inherited) @executable_path/Frameworks";
				PRODUCT_NAME = "$(TARGET_NAME)";
			};
			name = Debug;
		};
		365C9F451BC6222200785E5F /* Release */ = {
			isa = XCBuildConfiguration;
			buildSettings = {
				ASSETCATALOG_COMPILER_APPICON_NAME = AppIcon;
				INFOPLIST_FILE = gitserver/Info.plist;
				LD_RUNPATH_SEARCH_PATHS = "$(inherited) @executable_path/Frameworks";
				PRODUCT_NAME = "$(TARGET_NAME)";
			};
			name = Release;
		};
		365C9F471BC6222200785E5F /* Debug */ = {
			isa = XCBuildConfiguration;
			buildSettings = {
				BUNDLE_LOADER = "$(TEST_HOST)";
				FRAMEWORK_SEARCH_PATHS = (
					"$(SDKROOT)/Developer/Library/Frameworks",
					"$(inherited)",
				);
				GCC_PREPROCESSOR_DEFINITIONS = (
					"DEBUG=1",
					"$(inherited)",
				);
				INFOPLIST_FILE = gitserverTests/Info.plist;
				LD_RUNPATH_SEARCH_PATHS = "$(inherited) @executable_path/Frameworks @loader_path/Frameworks";
				PRODUCT_NAME = "$(TARGET_NAME)";
				TEST_HOST = "$(BUILT_PRODUCTS_DIR)/gitserver.app/gitserver";
			};
			name = Debug;
		};
		365C9F481BC6222200785E5F /* Release */ = {
			isa = XCBuildConfiguration;
			buildSettings = {
				BUNDLE_LOADER = "$(TEST_HOST)";
				FRAMEWORK_SEARCH_PATHS = (
					"$(SDKROOT)/Developer/Library/Frameworks",
					"$(inherited)",
				);
				INFOPLIST_FILE = gitserverTests/Info.plist;
				LD_RUNPATH_SEARCH_PATHS = "$(inherited) @executable_path/Frameworks @loader_path/Frameworks";
				PRODUCT_NAME = "$(TARGET_NAME)";
				TEST_HOST = "$(BUILT_PRODUCTS_DIR)/gitserver.app/gitserver";
			};
			name = Release;
		};
/* End XCBuildConfiguration section */

/* Begin XCConfigurationList section */
		365C9F1B1BC6222100785E5F /* Build configuration list for PBXProject "gitserver" */ = {
			isa = XCConfigurationList;
			buildConfigurations = (
				365C9F411BC6222200785E5F /* Debug */,
				365C9F421BC6222200785E5F /* Release */,
			);
			defaultConfigurationIsVisible = 0;
			defaultConfigurationName = Release;
		};
		365C9F431BC6222200785E5F /* Build configuration list for PBXNativeTarget "gitserver" */ = {
			isa = XCConfigurationList;
			buildConfigurations = (
				365C9F441BC6222200785E5F /* Debug */,
				365C9F451BC6222200785E5F /* Release */,
			);
			defaultConfigurationIsVisible = 0;
		};
		365C9F461BC6222200785E5F /* Build configuration list for PBXNativeTarget "gitserverTests" */ = {
			isa = XCConfigurationList;
			buildConfigurations = (
				365C9F471BC6222200785E5F /* Debug */,
				365C9F481BC6222200785E5F /* Release */,
			);
			defaultConfigurationIsVisible = 0;
		};
/* End XCConfigurationList section */
	};
	rootObject = 365C9F181BC6222100785E5F /* Project object */;
}
